// !$*UTF8*$!
{
	archiveVersion = 1;
	classes = {
	};
	objectVersion = 50;
	objects = {

/* Begin PBXBuildFile section */
		576DA981258AEC66002AE4CF /* DetalhesViewController.swift in Sources */ = {isa = PBXBuildFile; fileRef = 576DA980258AEC66002AE4CF /* DetalhesViewController.swift */; };
		57E21A312586A7EA008F3F7D /* AppDelegate.swift in Sources */ = {isa = PBXBuildFile; fileRef = 57E21A302586A7EA008F3F7D /* AppDelegate.swift */; };
		57E21A332586A7EA008F3F7D /* SceneDelegate.swift in Sources */ = {isa = PBXBuildFile; fileRef = 57E21A322586A7EA008F3F7D /* SceneDelegate.swift */; };
		57E21A352586A7EA008F3F7D /* ViewController.swift in Sources */ = {isa = PBXBuildFile; fileRef = 57E21A342586A7EA008F3F7D /* ViewController.swift */; };
		57E21A382586A7EA008F3F7D /* Main.storyboard in Resources */ = {isa = PBXBuildFile; fileRef = 57E21A362586A7EA008F3F7D /* Main.storyboard */; };
		57E21A3B2586A7EA008F3F7D /* MinhasEncomendas.xcdatamodeld in Sources */ = {isa = PBXBuildFile; fileRef = 57E21A392586A7EA008F3F7D /* MinhasEncomendas.xcdatamodeld */; };
		57E21A3D2586A7F1008F3F7D /* Assets.xcassets in Resources */ = {isa = PBXBuildFile; fileRef = 57E21A3C2586A7F1008F3F7D /* Assets.xcassets */; };
		57E21A402586A7F2008F3F7D /* LaunchScreen.storyboard in Resources */ = {isa = PBXBuildFile; fileRef = 57E21A3E2586A7F2008F3F7D /* LaunchScreen.storyboard */; };
		57E21A4A2586AE0E008F3F7D /* ListarPedidosTableViewController.swift in Sources */ = {isa = PBXBuildFile; fileRef = 57E21A492586AE0E008F3F7D /* ListarPedidosTableViewController.swift */; };
/* End PBXBuildFile section */

/* Begin PBXFileReference section */
		576DA980258AEC66002AE4CF /* DetalhesViewController.swift */ = {isa = PBXFileReference; lastKnownFileType = sourcecode.swift; path = DetalhesViewController.swift; sourceTree = "<group>"; };
		57E21A2D2586A7EA008F3F7D /* MinhasEncomendas.app */ = {isa = PBXFileReference; explicitFileType = wrapper.application; includeInIndex = 0; path = MinhasEncomendas.app; sourceTree = BUILT_PRODUCTS_DIR; };
		57E21A302586A7EA008F3F7D /* AppDelegate.swift */ = {isa = PBXFileReference; lastKnownFileType = sourcecode.swift; path = AppDelegate.swift; sourceTree = "<group>"; };
		57E21A322586A7EA008F3F7D /* SceneDelegate.swift */ = {isa = PBXFileReference; lastKnownFileType = sourcecode.swift; path = SceneDelegate.swift; sourceTree = "<group>"; };
		57E21A342586A7EA008F3F7D /* ViewController.swift */ = {isa = PBXFileReference; lastKnownFileType = sourcecode.swift; path = ViewController.swift; sourceTree = "<group>"; };
		57E21A372586A7EA008F3F7D /* Base */ = {isa = PBXFileReference; lastKnownFileType = file.storyboard; name = Base; path = Base.lproj/Main.storyboard; sourceTree = "<group>"; };
		57E21A3A2586A7EA008F3F7D /* MinhasEncomendas.xcdatamodel */ = {isa = PBXFileReference; lastKnownFileType = wrapper.xcdatamodel; path = MinhasEncomendas.xcdatamodel; sourceTree = "<group>"; };
		57E21A3C2586A7F1008F3F7D /* Assets.xcassets */ = {isa = PBXFileReference; lastKnownFileType = folder.assetcatalog; path = Assets.xcassets; sourceTree = "<group>"; };
		57E21A3F2586A7F2008F3F7D /* Base */ = {isa = PBXFileReference; lastKnownFileType = file.storyboard; name = Base; path = Base.lproj/LaunchScreen.storyboard; sourceTree = "<group>"; };
		57E21A412586A7F2008F3F7D /* Info.plist */ = {isa = PBXFileReference; lastKnownFileType = text.plist.xml; path = Info.plist; sourceTree = "<group>"; };
		57E21A492586AE0E008F3F7D /* ListarPedidosTableViewController.swift */ = {isa = PBXFileReference; lastKnownFileType = sourcecode.swift; path = ListarPedidosTableViewController.swift; sourceTree = "<group>"; };
/* End PBXFileReference section */

/* Begin PBXFrameworksBuildPhase section */
		57E21A2A2586A7EA008F3F7D /* Frameworks */ = {
			isa = PBXFrameworksBuildPhase;
			buildActionMask = 2147483647;
			files = (
			);
			runOnlyForDeploymentPostprocessing = 0;
		};
/* End PBXFrameworksBuildPhase section */

/* Begin PBXGroup section */
		57E21A242586A7E9008F3F7D = {
			isa = PBXGroup;
			children = (
				57E21A2F2586A7EA008F3F7D /* MinhasEncomendas */,
				57E21A2E2586A7EA008F3F7D /* Products */,
			);
			sourceTree = "<group>";
		};
		57E21A2E2586A7EA008F3F7D /* Products */ = {
			isa = PBXGroup;
			children = (
				57E21A2D2586A7EA008F3F7D /* MinhasEncomendas.app */,
			);
			name = Products;
			sourceTree = "<group>";
		};
		57E21A2F2586A7EA008F3F7D /* MinhasEncomendas */ = {
			isa = PBXGroup;
			children = (
				57E21A302586A7EA008F3F7D /* AppDelegate.swift */,
				57E21A322586A7EA008F3F7D /* SceneDelegate.swift */,
				57E21A492586AE0E008F3F7D /* ListarPedidosTableViewController.swift */,
				57E21A342586A7EA008F3F7D /* ViewController.swift */,
				576DA980258AEC66002AE4CF /* DetalhesViewController.swift */,
				57E21A362586A7EA008F3F7D /* Main.storyboard */,
				57E21A3C2586A7F1008F3F7D /* Assets.xcassets */,
				57E21A3E2586A7F2008F3F7D /* LaunchScreen.storyboard */,
				57E21A412586A7F2008F3F7D /* Info.plist */,
				57E21A392586A7EA008F3F7D /* MinhasEncomendas.xcdatamodeld */,
			);
			path = MinhasEncomendas;
			sourceTree = "<group>";
		};
/* End PBXGroup section */

/* Begin PBXNativeTarget section */
		57E21A2C2586A7EA008F3F7D /* MinhasEncomendas */ = {
			isa = PBXNativeTarget;
			buildConfigurationList = 57E21A442586A7F2008F3F7D /* Build configuration list for PBXNativeTarget "MinhasEncomendas" */;
			buildPhases = (
				57E21A292586A7EA008F3F7D /* Sources */,
				57E21A2A2586A7EA008F3F7D /* Frameworks */,
				57E21A2B2586A7EA008F3F7D /* Resources */,
			);
			buildRules = (
			);
			dependencies = (
			);
			name = MinhasEncomendas;
			productName = MinhasEncomendas;
			productReference = 57E21A2D2586A7EA008F3F7D /* MinhasEncomendas.app */;
			productType = "com.apple.product-type.application";
		};
/* End PBXNativeTarget section */

/* Begin PBXProject section */
		57E21A252586A7E9008F3F7D /* Project object */ = {
			isa = PBXProject;
			attributes = {
				LastSwiftUpdateCheck = 1220;
				LastUpgradeCheck = 1220;
				TargetAttributes = {
					57E21A2C2586A7EA008F3F7D = {
						CreatedOnToolsVersion = 12.2;
					};
				};
			};
			buildConfigurationList = 57E21A282586A7EA008F3F7D /* Build configuration list for PBXProject "MinhasEncomendas" */;
			compatibilityVersion = "Xcode 9.3";
			developmentRegion = en;
			hasScannedForEncodings = 0;
			knownRegions = (
				en,
				Base,
			);
			mainGroup = 57E21A242586A7E9008F3F7D;
			productRefGroup = 57E21A2E2586A7EA008F3F7D /* Products */;
			projectDirPath = "";
			projectRoot = "";
			targets = (
				57E21A2C2586A7EA008F3F7D /* MinhasEncomendas */,
			);
		};
/* End PBXProject section */

/* Begin PBXResourcesBuildPhase section */
		57E21A2B2586A7EA008F3F7D /* Resources */ = {
			isa = PBXResourcesBuildPhase;
			buildActionMask = 2147483647;
			files = (
				57E21A402586A7F2008F3F7D /* LaunchScreen.storyboard in Resources */,
				57E21A3D2586A7F1008F3F7D /* Assets.xcassets in Resources */,
				57E21A382586A7EA008F3F7D /* Main.storyboard in Resources */,
			);
			runOnlyForDeploymentPostprocessing = 0;
		};
/* End PBXResourcesBuildPhase section */

/* Begin PBXSourcesBuildPhase section */
		57E21A292586A7EA008F3F7D /* Sources */ = {
			isa = PBXSourcesBuildPhase;
			buildActionMask = 2147483647;
			files = (
				57E21A352586A7EA008F3F7D /* ViewController.swift in Sources */,
				57E21A312586A7EA008F3F7D /* AppDelegate.swift in Sources */,
				576DA981258AEC66002AE4CF /* DetalhesViewController.swift in Sources */,
				57E21A4A2586AE0E008F3F7D /* ListarPedidosTableViewController.swift in Sources */,
				57E21A3B2586A7EA008F3F7D /* MinhasEncomendas.xcdatamodeld in Sources */,
				57E21A332586A7EA008F3F7D /* SceneDelegate.swift in Sources */,
			);
			runOnlyForDeploymentPostprocessing = 0;
		};
/* End PBXSourcesBuildPhase section */

/* Begin PBXVariantGroup section */
		57E21A362586A7EA008F3F7D /* Main.storyboard */ = {
			isa = PBXVariantGroup;
			children = (
				57E21A372586A7EA008F3F7D /* Base */,
			);
			name = Main.storyboard;
			sourceTree = "<group>";
		};
		57E21A3E2586A7F2008F3F7D /* LaunchScreen.storyboard */ = {
			isa = PBXVariantGroup;
			children = (
				57E21A3F2586A7F2008F3F7D /* Base */,
			);
			name = LaunchScreen.storyboard;
			sourceTree = "<group>";
		};
/* End PBXVariantGroup section */

/* Begin XCBuildConfiguration section */
		57E21A422586A7F2008F3F7D /* Debug */ = {
			isa = XCBuildConfiguration;
			buildSettings = {
				ALWAYS_SEARCH_USER_PATHS = NO;
				CLANG_ANALYZER_NONNULL = YES;
				CLANG_ANALYZER_NUMBER_OBJECT_CONVERSION = YES_AGGRESSIVE;
				CLANG_CXX_LANGUAGE_STANDARD = "gnu++14";
				CLANG_CXX_LIBRARY = "libc++";
				CLANG_ENABLE_MODULES = YES;
				CLANG_ENABLE_OBJC_ARC = YES;
				CLANG_ENABLE_OBJC_WEAK = YES;
				CLANG_WARN_BLOCK_CAPTURE_AUTORELEASING = YES;
				CLANG_WARN_BOOL_CONVERSION = YES;
				CLANG_WARN_COMMA = YES;
				CLANG_WARN_CONSTANT_CONVERSION = YES;
				CLANG_WARN_DEPRECATED_OBJC_IMPLEMENTATIONS = YES;
				CLANG_WARN_DIRECT_OBJC_ISA_USAGE = YES_ERROR;
				CLANG_WARN_DOCUMENTATION_COMMENTS = YES;
				CLANG_WARN_EMPTY_BODY = YES;
				CLANG_WARN_ENUM_CONVERSION = YES;
				CLANG_WARN_INFINITE_RECURSION = YES;
				CLANG_WARN_INT_CONVERSION = YES;
				CLANG_WARN_NON_LITERAL_NULL_CONVERSION = YES;
				CLANG_WARN_OBJC_IMPLICIT_RETAIN_SELF = YES;
				CLANG_WARN_OBJC_LITERAL_CONVERSION = YES;
				CLANG_WARN_OBJC_ROOT_CLASS = YES_ERROR;
				CLANG_WARN_QUOTED_INCLUDE_IN_FRAMEWORK_HEADER = YES;
				CLANG_WARN_RANGE_LOOP_ANALYSIS = YES;
				CLANG_WARN_STRICT_PROTOTYPES = YES;
				CLANG_WARN_SUSPICIOUS_MOVE = YES;
				CLANG_WARN_UNGUARDED_AVAILABILITY = YES_AGGRESSIVE;
				CLANG_WARN_UNREACHABLE_CODE = YES;
				CLANG_WARN__DUPLICATE_METHOD_MATCH = YES;
				COPY_PHASE_STRIP = NO;
				DEBUG_INFORMATION_FORMAT = dwarf;
				ENABLE_STRICT_OBJC_MSGSEND = YES;
				ENABLE_TESTABILITY = YES;
				GCC_C_LANGUAGE_STANDARD = gnu11;
				GCC_DYNAMIC_NO_PIC = NO;
				GCC_NO_COMMON_BLOCKS = YES;
				GCC_OPTIMIZATION_LEVEL = 0;
				GCC_PREPROCESSOR_DEFINITIONS = (
					"DEBUG=1",
					"$(inherited)",
				);
				GCC_WARN_64_TO_32_BIT_CONVERSION = YES;
				GCC_WARN_ABOUT_RETURN_TYPE = YES_ERROR;
				GCC_WARN_UNDECLARED_SELECTOR = YES;
				GCC_WARN_UNINITIALIZED_AUTOS = YES_AGGRESSIVE;
				GCC_WARN_UNUSED_FUNCTION = YES;
				GCC_WARN_UNUSED_VARIABLE = YES;
				IPHONEOS_DEPLOYMENT_TARGET = 14.2;
				MTL_ENABLE_DEBUG_INFO = INCLUDE_SOURCE;
				MTL_FAST_MATH = YES;
				ONLY_ACTIVE_ARCH = YES;
				SDKROOT = iphoneos;
				SWIFT_ACTIVE_COMPILATION_CONDITIONS = DEBUG;
				SWIFT_OPTIMIZATION_LEVEL = "-Onone";
			};
			name = Debug;
		};
		57E21A432586A7F2008F3F7D /* Release */ = {
			isa = XCBuildConfiguration;
			buildSettings = {
				ALWAYS_SEARCH_USER_PATHS = NO;
				CLANG_ANALYZER_NONNULL = YES;
				CLANG_ANALYZER_NUMBER_OBJECT_CONVERSION = YES_AGGRESSIVE;
				CLANG_CXX_LANGUAGE_STANDARD = "gnu++14";
				CLANG_CXX_LIBRARY = "libc++";
				CLANG_ENABLE_MODULES = YES;
				CLANG_ENABLE_OBJC_ARC = YES;
				CLANG_ENABLE_OBJC_WEAK = YES;
				CLANG_WARN_BLOCK_CAPTURE_AUTORELEASING = YES;
				CLANG_WARN_BOOL_CONVERSION = YES;
				CLANG_WARN_COMMA = YES;
				CLANG_WARN_CONSTANT_CONVERSION = YES;
				CLANG_WARN_DEPRECATED_OBJC_IMPLEMENTATIONS = YES;
				CLANG_WARN_DIRECT_OBJC_ISA_USAGE = YES_ERROR;
				CLANG_WARN_DOCUMENTATION_COMMENTS = YES;
				CLANG_WARN_EMPTY_BODY = YES;
				CLANG_WARN_ENUM_CONVERSION = YES;
				CLANG_WARN_INFINITE_RECURSION = YES;
				CLANG_WARN_INT_CONVERSION = YES;
				CLANG_WARN_NON_LITERAL_NULL_CONVERSION = YES;
				CLANG_WARN_OBJC_IMPLICIT_RETAIN_SELF = YES;
				CLANG_WARN_OBJC_LITERAL_CONVERSION = YES;
				CLANG_WARN_OBJC_ROOT_CLASS = YES_ERROR;
				CLANG_WARN_QUOTED_INCLUDE_IN_FRAMEWORK_HEADER = YES;
				CLANG_WARN_RANGE_LOOP_ANALYSIS = YES;
				CLANG_WARN_STRICT_PROTOTYPES = YES;
				CLANG_WARN_SUSPICIOUS_MOVE = YES;
				CLANG_WARN_UNGUARDED_AVAILABILITY = YES_AGGRESSIVE;
				CLANG_WARN_UNREACHABLE_CODE = YES;
				CLANG_WARN__DUPLICATE_METHOD_MATCH = YES;
				COPY_PHASE_STRIP = NO;
				DEBUG_INFORMATION_FORMAT = "dwarf-with-dsym";
				ENABLE_NS_ASSERTIONS = NO;
				ENABLE_STRICT_OBJC_MSGSEND = YES;
				GCC_C_LANGUAGE_STANDARD = gnu11;
				GCC_NO_COMMON_BLOCKS = YES;
				GCC_WARN_64_TO_32_BIT_CONVERSION = YES;
				GCC_WARN_ABOUT_RETURN_TYPE = YES_ERROR;
				GCC_WARN_UNDECLARED_SELECTOR = YES;
				GCC_WARN_UNINITIALIZED_AUTOS = YES_AGGRESSIVE;
				GCC_WARN_UNUSED_FUNCTION = YES;
				GCC_WARN_UNUSED_VARIABLE = YES;
				IPHONEOS_DEPLOYMENT_TARGET = 14.2;
				MTL_ENABLE_DEBUG_INFO = NO;
				MTL_FAST_MATH = YES;
				SDKROOT = iphoneos;
				SWIFT_COMPILATION_MODE = wholemodule;
				SWIFT_OPTIMIZATION_LEVEL = "-O";
				VALIDATE_PRODUCT = YES;
			};
			name = Release;
		};
		57E21A452586A7F2008F3F7D /* Debug */ = {
			isa = XCBuildConfiguration;
			buildSettings = {
				ASSETCATALOG_COMPILER_APPICON_NAME = AppIcon;
				ASSETCATALOG_COMPILER_GLOBAL_ACCENT_COLOR_NAME = AccentColor;
				CODE_SIGN_STYLE = Automatic;
				INFOPLIST_FILE = MinhasEncomendas/Info.plist;
				LD_RUNPATH_SEARCH_PATHS = (
					"$(inherited)",
					"@executable_path/Frameworks",
				);
				PRODUCT_BUNDLE_IDENTIFIER = br.edu.ifsp.MinhasEncomendas;
				PRODUCT_NAME = "$(TARGET_NAME)";
				SWIFT_VERSION = 5.0;
				TARGETED_DEVICE_FAMILY = "1,2";
			};
			name = Debug;
		};
		57E21A462586A7F2008F3F7D /* Release */ = {
			isa = XCBuildConfiguration;
			buildSettings = {
				ASSETCATALOG_COMPILER_APPICON_NAME = AppIcon;
				ASSETCATALOG_COMPILER_GLOBAL_ACCENT_COLOR_NAME = AccentColor;
				CODE_SIGN_STYLE = Automatic;
				INFOPLIST_FILE = MinhasEncomendas/Info.plist;
				LD_RUNPATH_SEARCH_PATHS = (
					"$(inherited)",
					"@executable_path/Frameworks",
				);
				PRODUCT_BUNDLE_IDENTIFIER = br.edu.ifsp.MinhasEncomendas;
				PRODUCT_NAME = "$(TARGET_NAME)";
				SWIFT_VERSION = 5.0;
				TARGETED_DEVICE_FAMILY = "1,2";
			};
			name = Release;
		};
/* End XCBuildConfiguration section */

/* Begin XCConfigurationList section */
		57E21A282586A7EA008F3F7D /* Build configuration list for PBXProject "MinhasEncomendas" */ = {
			isa = XCConfigurationList;
			buildConfigurations = (
				57E21A422586A7F2008F3F7D /* Debug */,
				57E21A432586A7F2008F3F7D /* Release */,
			);
			defaultConfigurationIsVisible = 0;
			defaultConfigurationName = Release;
		};
		57E21A442586A7F2008F3F7D /* Build configuration list for PBXNativeTarget "MinhasEncomendas" */ = {
			isa = XCConfigurationList;
			buildConfigurations = (
				57E21A452586A7F2008F3F7D /* Debug */,
				57E21A462586A7F2008F3F7D /* Release */,
			);
			defaultConfigurationIsVisible = 0;
			defaultConfigurationName = Release;
		};
/* End XCConfigurationList section */

/* Begin XCVersionGroup section */
		57E21A392586A7EA008F3F7D /* MinhasEncomendas.xcdatamodeld */ = {
			isa = XCVersionGroup;
			children = (
				57E21A3A2586A7EA008F3F7D /* MinhasEncomendas.xcdatamodel */,
			);
			currentVersion = 57E21A3A2586A7EA008F3F7D /* MinhasEncomendas.xcdatamodel */;
			path = MinhasEncomendas.xcdatamodeld;
			sourceTree = "<group>";
			versionGroupType = wrapper.xcdatamodel;
		};
/* End XCVersionGroup section */
	};
	rootObject = 57E21A252586A7E9008F3F7D /* Project object */;
}
